{
  "version": 4,
  "terraform_version": "1.0.4",
  "serial": 8,
  "lineage": "b6a463e8-fbcf-2f4a-d435-fcb99d6c47fb",
  "outputs": {},
  "resources": [
    {
      "mode": "data",
      "type": "azurerm_client_config",
      "name": "current",
      "provider": "provider[\"registry.terraform.io/hashicorp/azurerm\"]",
      "instances": [
        {
          "schema_version": 0,
          "attributes": {
            "client_id": "04b07795-8ddb-461a-bbee-02f9e1bf7b46",
            "id": "2021-10-04 13:38:44.9876062 +0000 UTC",
            "object_id": "1305dca9-7fab-4a0b-9116-35f948061f74",
            "subscription_id": "fbd5c073-2f89-402a-b167-da815f523263",
            "tenant_id": "da700c5f-76bd-4c2b-b6e5-71824de73d4e",
            "timeouts": null
          },
          "sensitive_attributes": []
        }
      ]
    },
    {
      "mode": "managed",
      "type": "azurerm_network_interface",
      "name": "vmnic",
      "provider": "provider[\"registry.terraform.io/hashicorp/azurerm\"]",
      "instances": [
        {
          "schema_version": 0,
          "attributes": {
            "applied_dns_servers": [],
            "dns_servers": [],
            "enable_accelerated_networking": false,
            "enable_ip_forwarding": false,
            "id": "/subscriptions/fbd5c073-2f89-402a-b167-da815f523263/resourceGroups/jonnychipz-app01/providers/Microsoft.Network/networkInterfaces/jonnychipzvm01nic",
            "internal_dns_name_label": "",
            "internal_domain_name_suffix": "m3wtj4j51ipu1dd2ylraywa1sc.bx.internal.cloudapp.net",
            "ip_configuration": [
              {
                "name": "internal",
                "primary": true,
                "private_ip_address": "10.0.1.4",
                "private_ip_address_allocation": "Dynamic",
                "private_ip_address_version": "IPv4",
                "public_ip_address_id": "",
                "subnet_id": "/subscriptions/fbd5c073-2f89-402a-b167-da815f523263/resourceGroups/jonnychipz-app01/providers/Microsoft.Network/virtualNetworks/jonnychipzvnet/subnets/VM"
              }
            ],
            "location": "eastus",
            "mac_address": "",
            "name": "jonnychipzvm01nic",
            "private_ip_address": "10.0.1.4",
            "private_ip_addresses": [
              "10.0.1.4"
            ],
            "resource_group_name": "jonnychipz-app01",
            "tags": null,
            "timeouts": null,
            "virtual_machine_id": ""
          },
          "sensitive_attributes": [],
          "private": "eyJlMmJmYjczMC1lY2FhLTExZTYtOGY4OC0zNDM2M2JjN2M0YzAiOnsiY3JlYXRlIjoxODAwMDAwMDAwMDAwLCJkZWxldGUiOjE4MDAwMDAwMDAwMDAsInJlYWQiOjMwMDAwMDAwMDAwMCwidXBkYXRlIjoxODAwMDAwMDAwMDAwfX0=",
          "dependencies": [
            "azurerm_resource_group.rg",
            "azurerm_subnet.sn",
            "azurerm_virtual_network.vnet"
          ]
        }
      ]
    },
    {
      "mode": "managed",
      "type": "azurerm_resource_group",
      "name": "rg",
      "provider": "provider[\"registry.terraform.io/hashicorp/azurerm\"]",
      "instances": [
        {
          "schema_version": 0,
          "attributes": {
            "id": "/subscriptions/fbd5c073-2f89-402a-b167-da815f523263/resourceGroups/jonnychipz-app01",
            "location": "eastus",
            "name": "jonnychipz-app01",
            "tags": null,
            "timeouts": null
          },
          "sensitive_attributes": [],
          "private": "eyJlMmJmYjczMC1lY2FhLTExZTYtOGY4OC0zNDM2M2JjN2M0YzAiOnsiY3JlYXRlIjo1NDAwMDAwMDAwMDAwLCJkZWxldGUiOjU0MDAwMDAwMDAwMDAsInJlYWQiOjMwMDAwMDAwMDAwMCwidXBkYXRlIjo1NDAwMDAwMDAwMDAwfX0="
        }
      ]
    },
    {
      "mode": "managed",
      "type": "azurerm_storage_account",
      "name": "jonnychipzsa",
      "provider": "provider[\"registry.terraform.io/hashicorp/azurerm\"]",
      "instances": [
        {
          "schema_version": 2,
          "attributes": {
            "access_tier": "Hot",
            "account_kind": "StorageV2",
            "account_replication_type": "LRS",
            "account_tier": "Standard",
            "allow_blob_public_access": false,
            "azure_files_authentication": [],
            "blob_properties": [
              {
                "change_feed_enabled": false,
                "container_delete_retention_policy": [],
                "cors_rule": [],
                "default_service_version": "",
                "delete_retention_policy": [],
                "last_access_time_enabled": false,
                "versioning_enabled": false
              }
            ],
            "custom_domain": [],
            "enable_https_traffic_only": true,
            "id": "/subscriptions/fbd5c073-2f89-402a-b167-da815f523263/resourceGroups/jonnychipz-app01/providers/Microsoft.Storage/storageAccounts/strchar963",
            "identity": [],
            "is_hns_enabled": false,
            "large_file_share_enabled": null,
            "location": "eastus",
            "min_tls_version": "TLS1_0",
            "name": "strchar963",
            "network_rules": [
              {
                "bypass": [
                  "AzureServices"
                ],
                "default_action": "Allow",
                "ip_rules": [],
                "private_link_access": [],
                "virtual_network_subnet_ids": []
              }
            ],
            "nfsv3_enabled": false,
            "primary_access_key": "pEhfVMUBf38KyiR2u2q9pZsFfL+1zwVrooxGFV6AW6e4yWVpkwa6G1v0idgTDid04faMzgV/YsK3WG77IiDjcQ==",
            "primary_blob_connection_string": "DefaultEndpointsProtocol=https;BlobEndpoint=https://strchar963.blob.core.windows.net/;AccountName=strchar963;AccountKey=pEhfVMUBf38KyiR2u2q9pZsFfL+1zwVrooxGFV6AW6e4yWVpkwa6G1v0idgTDid04faMzgV/YsK3WG77IiDjcQ==",
            "primary_blob_endpoint": "https://strchar963.blob.core.windows.net/",
            "primary_blob_host": "strchar963.blob.core.windows.net",
            "primary_connection_string": "DefaultEndpointsProtocol=https;AccountName=strchar963;AccountKey=pEhfVMUBf38KyiR2u2q9pZsFfL+1zwVrooxGFV6AW6e4yWVpkwa6G1v0idgTDid04faMzgV/YsK3WG77IiDjcQ==;EndpointSuffix=core.windows.net",
            "primary_dfs_endpoint": "https://strchar963.dfs.core.windows.net/",
            "primary_dfs_host": "strchar963.dfs.core.windows.net",
            "primary_file_endpoint": "https://strchar963.file.core.windows.net/",
            "primary_file_host": "strchar963.file.core.windows.net",
            "primary_location": "eastus",
            "primary_queue_endpoint": "https://strchar963.queue.core.windows.net/",
            "primary_queue_host": "strchar963.queue.core.windows.net",
            "primary_table_endpoint": "https://strchar963.table.core.windows.net/",
            "primary_table_host": "strchar963.table.core.windows.net",
            "primary_web_endpoint": "https://strchar963.z13.web.core.windows.net/",
            "primary_web_host": "strchar963.z13.web.core.windows.net",
            "queue_properties": [
              {
                "cors_rule": [],
                "hour_metrics": [
                  {
                    "enabled": true,
                    "include_apis": true,
                    "retention_policy_days": 7,
                    "version": "1.0"
                  }
                ],
                "logging": [
                  {
                    "delete": false,
                    "read": false,
                    "retention_policy_days": 0,
                    "version": "1.0",
                    "write": false
                  }
                ],
                "minute_metrics": [
                  {
                    "enabled": false,
                    "include_apis": false,
                    "retention_policy_days": 0,
                    "version": "1.0"
                  }
                ]
              }
            ],
            "resource_group_name": "jonnychipz-app01",
            "routing": [],
            "secondary_access_key": "t6mvCBxfE4fQL4ab+zWXe/snE+4zXejR3K3Ef/jGsWPgPFpBr8LIniT56LLNVdmhm5YCt9rU39t91ObiNgW5TQ==",
            "secondary_blob_connection_string": "",
            "secondary_blob_endpoint": null,
            "secondary_blob_host": null,
            "secondary_connection_string": "DefaultEndpointsProtocol=https;AccountName=strchar963;AccountKey=t6mvCBxfE4fQL4ab+zWXe/snE+4zXejR3K3Ef/jGsWPgPFpBr8LIniT56LLNVdmhm5YCt9rU39t91ObiNgW5TQ==;EndpointSuffix=core.windows.net",
            "secondary_dfs_endpoint": null,
            "secondary_dfs_host": null,
            "secondary_file_endpoint": null,
            "secondary_file_host": null,
            "secondary_location": "",
            "secondary_queue_endpoint": null,
            "secondary_queue_host": null,
            "secondary_table_endpoint": null,
            "secondary_table_host": null,
            "secondary_web_endpoint": null,
            "secondary_web_host": null,
            "share_properties": [
              {
                "cors_rule": [],
                "retention_policy": [
                  {
                    "days": 7
                  }
                ],
                "smb": []
              }
            ],
            "shared_access_key_enabled": true,
            "static_website": [],
            "tags": {
              "environment": "jonnychipzrox"
            },
            "timeouts": null
          },
          "sensitive_attributes": [],
          "private": "eyJlMmJmYjczMC1lY2FhLTExZTYtOGY4OC0zNDM2M2JjN2M0YzAiOnsiY3JlYXRlIjozNjAwMDAwMDAwMDAwLCJkZWxldGUiOjM2MDAwMDAwMDAwMDAsInJlYWQiOjMwMDAwMDAwMDAwMCwidXBkYXRlIjozNjAwMDAwMDAwMDAwfSwic2NoZW1hX3ZlcnNpb24iOiIyIn0=",
          "dependencies": [
            "azurerm_resource_group.rg"
          ]
        }
      ]
    },
    {
      "mode": "managed",
      "type": "azurerm_subnet",
      "name": "sn",
      "provider": "provider[\"registry.terraform.io/hashicorp/azurerm\"]",
      "instances": [
        {
          "schema_version": 0,
          "attributes": {
            "address_prefix": "10.0.1.0/24",
            "address_prefixes": [
              "10.0.1.0/24"
            ],
            "delegation": [],
            "enforce_private_link_endpoint_network_policies": false,
            "enforce_private_link_service_network_policies": false,
            "id": "/subscriptions/fbd5c073-2f89-402a-b167-da815f523263/resourceGroups/jonnychipz-app01/providers/Microsoft.Network/virtualNetworks/jonnychipzvnet/subnets/VM",
            "name": "VM",
            "resource_group_name": "jonnychipz-app01",
            "service_endpoint_policy_ids": null,
            "service_endpoints": null,
            "timeouts": null,
            "virtual_network_name": "jonnychipzvnet"
          },
          "sensitive_attributes": [],
          "private": "eyJlMmJmYjczMC1lY2FhLTExZTYtOGY4OC0zNDM2M2JjN2M0YzAiOnsiY3JlYXRlIjoxODAwMDAwMDAwMDAwLCJkZWxldGUiOjE4MDAwMDAwMDAwMDAsInJlYWQiOjMwMDAwMDAwMDAwMCwidXBkYXRlIjoxODAwMDAwMDAwMDAwfX0=",
          "dependencies": [
            "azurerm_resource_group.rg",
            "azurerm_virtual_network.vnet"
          ]
        }
      ]
    },
    {
      "mode": "managed",
      "type": "azurerm_virtual_machine",
      "name": "jonnychipzvm01",
      "provider": "provider[\"registry.terraform.io/hashicorp/azurerm\"]",
      "instances": [
        {
          "schema_version": 0,
          "attributes": {
            "additional_capabilities": [],
            "availability_set_id": null,
            "boot_diagnostics": [],
            "delete_data_disks_on_termination": false,
            "delete_os_disk_on_termination": false,
            "id": "/subscriptions/fbd5c073-2f89-402a-b167-da815f523263/resourceGroups/jonnychipz-app01/providers/Microsoft.Compute/virtualMachines/jonnychipzvm01",
            "identity": [],
            "license_type": null,
            "location": "eastus",
            "name": "jonnychipzvm01",
            "network_interface_ids": [
              "/subscriptions/fbd5c073-2f89-402a-b167-da815f523263/resourceGroups/jonnychipz-app01/providers/Microsoft.Network/networkInterfaces/jonnychipzvm01nic"
            ],
            "os_profile": [
              {
                "admin_password": "",
                "admin_username": "jonnychipz",
                "computer_name": "jonnychipzvm01",
                "custom_data": ""
              }
            ],
            "os_profile_linux_config": [],
            "os_profile_secrets": [],
            "os_profile_windows_config": [
              {
                "additional_unattend_config": [],
                "enable_automatic_upgrades": false,
                "provision_vm_agent": false,
                "timezone": "",
                "winrm": []
              }
            ],
            "plan": [],
            "primary_network_interface_id": null,
            "proximity_placement_group_id": null,
            "resource_group_name": "jonnychipz-app01",
            "storage_data_disk": [],
            "storage_image_reference": [
              {
                "id": "",
                "offer": "WindowsServer",
                "publisher": "MicrosoftWindowsServer",
                "sku": "2016-Datacenter-Server-Core-smalldisk",
                "version": "latest"
              }
            ],
            "storage_os_disk": [
              {
                "caching": "ReadWrite",
                "create_option": "FromImage",
                "disk_size_gb": 30,
                "image_uri": "",
                "managed_disk_id": "/subscriptions/fbd5c073-2f89-402a-b167-da815f523263/resourceGroups/jonnychipz-app01/providers/Microsoft.Compute/disks/jonnychipzvm01os",
                "managed_disk_type": "Standard_LRS",
                "name": "jonnychipzvm01os",
                "os_type": "Windows",
                "vhd_uri": "",
                "write_accelerator_enabled": false
              }
            ],
            "tags": null,
            "timeouts": null,
            "vm_size": "Standard_B2s",
            "zones": null
          },
          "sensitive_attributes": [],
          "private": "eyJlMmJmYjczMC1lY2FhLTExZTYtOGY4OC0zNDM2M2JjN2M0YzAiOnsiY3JlYXRlIjozNjAwMDAwMDAwMDAwLCJkZWxldGUiOjM2MDAwMDAwMDAwMDAsInJlYWQiOjMwMDAwMDAwMDAwMCwidXBkYXRlIjozNjAwMDAwMDAwMDAwfX0=",
          "dependencies": [
            "azurerm_network_interface.vmnic",
            "azurerm_resource_group.rg",
            "azurerm_subnet.sn",
            "azurerm_virtual_network.vnet"
          ]
        }
      ]
    },
    {
      "mode": "managed",
      "type": "azurerm_virtual_network",
      "name": "vnet",
      "provider": "provider[\"registry.terraform.io/hashicorp/azurerm\"]",
      "instances": [
        {
          "schema_version": 0,
          "attributes": {
            "address_space": [
              "10.0.0.0/16"
            ],
            "bgp_community": "",
            "ddos_protection_plan": [],
            "dns_servers": [],
            "guid": "f9346d67-da3f-4d1f-8c7c-c2e20c581b92",
            "id": "/subscriptions/fbd5c073-2f89-402a-b167-da815f523263/resourceGroups/jonnychipz-app01/providers/Microsoft.Network/virtualNetworks/jonnychipzvnet",
            "location": "eastus",
            "name": "jonnychipzvnet",
            "resource_group_name": "jonnychipz-app01",
            "subnet": [],
            "tags": null,
            "timeouts": null,
            "vm_protection_enabled": false
          },
          "sensitive_attributes": [],
          "private": "eyJlMmJmYjczMC1lY2FhLTExZTYtOGY4OC0zNDM2M2JjN2M0YzAiOnsiY3JlYXRlIjoxODAwMDAwMDAwMDAwLCJkZWxldGUiOjE4MDAwMDAwMDAwMDAsInJlYWQiOjMwMDAwMDAwMDAwMCwidXBkYXRlIjoxODAwMDAwMDAwMDAwfX0=",
          "dependencies": [
            "azurerm_resource_group.rg"
          ]
        }
      ]
    }
  ]
}
